
Microsoft Visual Studio Solution File, Format Version 12.00
# Visual Studio Version 17
VisualStudioVersion = 17.1.32414.318
MinimumVisualStudioVersion = 10.0.40219.1
Project("{FAE04EC0-301F-11D3-BF4B-00C04F79EFBC}") = "Dastan", "Dastan\Dastan.csproj", "{052AC071-7DAD-4389-957E-D126B67657AD}"
EndProject
Global
	GlobalSection(SolutionConfigurationPlatforms) = preSolution
		Debug|Any CPU = Debug|Any CPU
		Release|Any CPU = Release|Any CPU
	EndGlobalSection
	GlobalSection(ProjectConfigurationPlatforms) = postSolution
		{052AC071-7DAD-4389-957E-D126B67657AD}.Debug|Any CPU.ActiveCfg = Debug|Any CPU
		{052AC071-7DAD-4389-957E-D126B67657AD}.Debug|Any CPU.Build.0 = Debug|Any CPU
		{052AC071-7DAD-4389-957E-D126B67657AD}.Release|Any CPU.ActiveCfg = Release|Any CPU
		{052AC071-7DAD-4389-957E-D126B67657AD}.Release|Any CPU.Build.0 = Release|Any CPU
	EndGlobalSection
	GlobalSection(SolutionProperties) = preSolution
		HideSolutionNode = FALSE
	EndGlobalSection
	GlobalSection(ExtensibilityGlobals) = postSolution
		SolutionGuid = {8FC1CCBF-C9B3-471A-97E2-FA82E793B6AB}
	EndGlobalSection
EndGlobal
